
Microsoft Visual Studio Solution File, Format Version 12.00
# Visual Studio Version 17
VisualStudioVersion = 17.0.31903.59
MinimumVisualStudioVersion = 10.0.40219.1
Project("{2150E333-8FDC-42A3-9474-1A3956D46DE8}") = "Account", "Account", "{4A13ABA2-667B-4078-B58A-863C37C0DF57}"
EndProject
Project("{2150E333-8FDC-42A3-9474-1A3956D46DE8}") = "src", "src", "{F2454D38-33A3-4CAB-89EC-B44D3A479C67}"
EndProject
Project("{9A19103F-16F7-4668-BE54-9A1E7A4F7556}") = "Account.Domain", "Account\src\Account.Domain\Account.Domain.csproj", "{5F47D246-902C-46DE-8A64-369F6B80F932}"
EndProject
Project("{9A19103F-16F7-4668-BE54-9A1E7A4F7556}") = "Account.Application", "Account\src\Account.Application\Account.Application.csproj", "{301DD1B5-4115-4F0E-A629-D5BC8516747C}"
EndProject
Project("{9A19103F-16F7-4668-BE54-9A1E7A4F7556}") = "Account.Infrastructure", "Account\src\Account.Infrastructure\Account.Infrastructure.csproj", "{8B445E4E-1A61-4AE5-9B75-9134105330C5}"
EndProject
Project("{9A19103F-16F7-4668-BE54-9A1E7A4F7556}") = "Account.API", "Account\src\Account.API\Account.API.csproj", "{B8D92B47-917F-441C-993D-25D61B56AD0B}"
EndProject
Project("{2150E333-8FDC-42A3-9474-1A3956D46DE8}") = "Client", "Client", "{D7908012-E702-4237-96A3-789CFB440407}"
EndProject
Project("{2150E333-8FDC-42A3-9474-1A3956D46DE8}") = "src", "src", "{8E21D7A9-349D-41AB-B84A-EAF10AAA3A7B}"
EndProject
Project("{9A19103F-16F7-4668-BE54-9A1E7A4F7556}") = "Client.Domain", "Client\src\Client.Domain\Client.Domain.csproj", "{4D26DE94-43D6-478C-BA44-26554297118A}"
EndProject
Project("{9A19103F-16F7-4668-BE54-9A1E7A4F7556}") = "Client.Application", "Client\src\Client.Application\Client.Application.csproj", "{A4FE7F91-C8FD-4BA3-8E70-DF0404F0F22E}"
EndProject
Project("{9A19103F-16F7-4668-BE54-9A1E7A4F7556}") = "Client.Infrastructure", "Client\src\Client.Infrastructure\Client.Infrastructure.csproj", "{304ECAF1-9B3A-4230-9ED5-5A66B56111A4}"
EndProject
Project("{9A19103F-16F7-4668-BE54-9A1E7A4F7556}") = "Client.API", "Client\src\Client.API\Client.API.csproj", "{B85DA7E4-E7D1-4303-8752-CB62D8C1E2D0}"
EndProject
Project("{2150E333-8FDC-42A3-9474-1A3956D46DE8}") = "Solution Items", "Solution Items", "{3E998C0A-BFB1-48E3-975B-6107F135A800}"
	ProjectSection(SolutionItems) = preProject
		.dockerignore = .dockerignore
		docker-compose.yml = docker-compose.yml
	EndProjectSection
EndProject
Project("{FAE04EC0-301F-11D3-BF4B-00C04F79EFBC}") = "SharedKernel", "SharedKernel\SharedKernel.csproj", "{935B9915-9A0F-444C-8566-8AD0AB9938ED}"
EndProject
Global
	GlobalSection(SolutionConfigurationPlatforms) = preSolution
		Debug|Any CPU = Debug|Any CPU
		Release|Any CPU = Release|Any CPU
	EndGlobalSection
	GlobalSection(ProjectConfigurationPlatforms) = postSolution
		{5F47D246-902C-46DE-8A64-369F6B80F932}.Debug|Any CPU.ActiveCfg = Debug|Any CPU
		{5F47D246-902C-46DE-8A64-369F6B80F932}.Debug|Any CPU.Build.0 = Debug|Any CPU
		{5F47D246-902C-46DE-8A64-369F6B80F932}.Release|Any CPU.ActiveCfg = Release|Any CPU
		{5F47D246-902C-46DE-8A64-369F6B80F932}.Release|Any CPU.Build.0 = Release|Any CPU
		{301DD1B5-4115-4F0E-A629-D5BC8516747C}.Debug|Any CPU.ActiveCfg = Debug|Any CPU
		{301DD1B5-4115-4F0E-A629-D5BC8516747C}.Debug|Any CPU.Build.0 = Debug|Any CPU
		{301DD1B5-4115-4F0E-A629-D5BC8516747C}.Release|Any CPU.ActiveCfg = Release|Any CPU
		{301DD1B5-4115-4F0E-A629-D5BC8516747C}.Release|Any CPU.Build.0 = Release|Any CPU
		{8B445E4E-1A61-4AE5-9B75-9134105330C5}.Debug|Any CPU.ActiveCfg = Debug|Any CPU
		{8B445E4E-1A61-4AE5-9B75-9134105330C5}.Debug|Any CPU.Build.0 = Debug|Any CPU
		{8B445E4E-1A61-4AE5-9B75-9134105330C5}.Release|Any CPU.ActiveCfg = Release|Any CPU
		{8B445E4E-1A61-4AE5-9B75-9134105330C5}.Release|Any CPU.Build.0 = Release|Any CPU
		{B8D92B47-917F-441C-993D-25D61B56AD0B}.Debug|Any CPU.ActiveCfg = Debug|Any CPU
		{B8D92B47-917F-441C-993D-25D61B56AD0B}.Debug|Any CPU.Build.0 = Debug|Any CPU
		{B8D92B47-917F-441C-993D-25D61B56AD0B}.Release|Any CPU.ActiveCfg = Release|Any CPU
		{B8D92B47-917F-441C-993D-25D61B56AD0B}.Release|Any CPU.Build.0 = Release|Any CPU
		{4D26DE94-43D6-478C-BA44-26554297118A}.Debug|Any CPU.ActiveCfg = Debug|Any CPU
		{4D26DE94-43D6-478C-BA44-26554297118A}.Debug|Any CPU.Build.0 = Debug|Any CPU
		{4D26DE94-43D6-478C-BA44-26554297118A}.Release|Any CPU.ActiveCfg = Release|Any CPU
		{4D26DE94-43D6-478C-BA44-26554297118A}.Release|Any CPU.Build.0 = Release|Any CPU
		{A4FE7F91-C8FD-4BA3-8E70-DF0404F0F22E}.Debug|Any CPU.ActiveCfg = Debug|Any CPU
		{A4FE7F91-C8FD-4BA3-8E70-DF0404F0F22E}.Debug|Any CPU.Build.0 = Debug|Any CPU
		{A4FE7F91-C8FD-4BA3-8E70-DF0404F0F22E}.Release|Any CPU.ActiveCfg = Release|Any CPU
		{A4FE7F91-C8FD-4BA3-8E70-DF0404F0F22E}.Release|Any CPU.Build.0 = Release|Any CPU
		{304ECAF1-9B3A-4230-9ED5-5A66B56111A4}.Debug|Any CPU.ActiveCfg = Debug|Any CPU
		{304ECAF1-9B3A-4230-9ED5-5A66B56111A4}.Debug|Any CPU.Build.0 = Debug|Any CPU
		{304ECAF1-9B3A-4230-9ED5-5A66B56111A4}.Release|Any CPU.ActiveCfg = Release|Any CPU
		{304ECAF1-9B3A-4230-9ED5-5A66B56111A4}.Release|Any CPU.Build.0 = Release|Any CPU
		{B85DA7E4-E7D1-4303-8752-CB62D8C1E2D0}.Debug|Any CPU.ActiveCfg = Debug|Any CPU
		{B85DA7E4-E7D1-4303-8752-CB62D8C1E2D0}.Debug|Any CPU.Build.0 = Debug|Any CPU
		{B85DA7E4-E7D1-4303-8752-CB62D8C1E2D0}.Release|Any CPU.ActiveCfg = Release|Any CPU
		{B85DA7E4-E7D1-4303-8752-CB62D8C1E2D0}.Release|Any CPU.Build.0 = Release|Any CPU
		{935B9915-9A0F-444C-8566-8AD0AB9938ED}.Debug|Any CPU.ActiveCfg = Debug|Any CPU
		{935B9915-9A0F-444C-8566-8AD0AB9938ED}.Debug|Any CPU.Build.0 = Debug|Any CPU
		{935B9915-9A0F-444C-8566-8AD0AB9938ED}.Release|Any CPU.ActiveCfg = Release|Any CPU
		{935B9915-9A0F-444C-8566-8AD0AB9938ED}.Release|Any CPU.Build.0 = Release|Any CPU
	EndGlobalSection
	GlobalSection(SolutionProperties) = preSolution
		HideSolutionNode = FALSE
	EndGlobalSection
	GlobalSection(NestedProjects) = preSolution
		{F2454D38-33A3-4CAB-89EC-B44D3A479C67} = {4A13ABA2-667B-4078-B58A-863C37C0DF57}
		{5F47D246-902C-46DE-8A64-369F6B80F932} = {F2454D38-33A3-4CAB-89EC-B44D3A479C67}
		{301DD1B5-4115-4F0E-A629-D5BC8516747C} = {F2454D38-33A3-4CAB-89EC-B44D3A479C67}
		{8B445E4E-1A61-4AE5-9B75-9134105330C5} = {F2454D38-33A3-4CAB-89EC-B44D3A479C67}
		{B8D92B47-917F-441C-993D-25D61B56AD0B} = {F2454D38-33A3-4CAB-89EC-B44D3A479C67}
		{8E21D7A9-349D-41AB-B84A-EAF10AAA3A7B} = {D7908012-E702-4237-96A3-789CFB440407}
		{4D26DE94-43D6-478C-BA44-26554297118A} = {8E21D7A9-349D-41AB-B84A-EAF10AAA3A7B}
		{A4FE7F91-C8FD-4BA3-8E70-DF0404F0F22E} = {8E21D7A9-349D-41AB-B84A-EAF10AAA3A7B}
		{304ECAF1-9B3A-4230-9ED5-5A66B56111A4} = {8E21D7A9-349D-41AB-B84A-EAF10AAA3A7B}
		{B85DA7E4-E7D1-4303-8752-CB62D8C1E2D0} = {8E21D7A9-349D-41AB-B84A-EAF10AAA3A7B}
		{935B9915-9A0F-444C-8566-8AD0AB9938ED} = {8E21D7A9-349D-41AB-B84A-EAF10AAA3A7B}
	EndGlobalSection
	GlobalSection(ExtensibilityGlobals) = postSolution
		SolutionGuid = {6198493A-07D8-442B-A79B-82E99DC3C7CF}
	EndGlobalSection
EndGlobal
